// !$*UTF8*$!
{
	archiveVersion = 1;
	classes = {
	};
	objectVersion = 46;
	objects = {

/* Begin PBXBuildFile section */
		637E977515AADF9900755FEC /* UIKit.framework in Frameworks */ = {isa = PBXBuildFile; fileRef = 637E977415AADF9900755FEC /* UIKit.framework */; };
		637E977715AADF9900755FEC /* Foundation.framework in Frameworks */ = {isa = PBXBuildFile; fileRef = 637E977615AADF9900755FEC /* Foundation.framework */; };
		637E977915AADF9900755FEC /* CoreGraphics.framework in Frameworks */ = {isa = PBXBuildFile; fileRef = 637E977815AADF9900755FEC /* CoreGraphics.framework */; };
		637E977F15AADF9900755FEC /* InfoPlist.strings in Resources */ = {isa = PBXBuildFile; fileRef = 637E977D15AADF9900755FEC /* InfoPlist.strings */; };
		637E978115AADF9900755FEC /* main.m in Sources */ = {isa = PBXBuildFile; fileRef = 637E978015AADF9900755FEC /* main.m */; };
		637E978515AADF9900755FEC /* AppDelegate.m in Sources */ = {isa = PBXBuildFile; fileRef = 637E978415AADF9900755FEC /* AppDelegate.m */; };
		637E978815AADF9900755FEC /* MainStoryboard.storyboard in Resources */ = {isa = PBXBuildFile; fileRef = 637E978615AADF9900755FEC /* MainStoryboard.storyboard */; };
		637E978B15AADF9900755FEC /* ViewController.m in Sources */ = {isa = PBXBuildFile; fileRef = 637E978A15AADF9900755FEC /* ViewController.m */; };
		637E979415AAE0DE00755FEC /* test.html in Resources */ = {isa = PBXBuildFile; fileRef = 637E979215AAE0DE00755FEC /* test.html */; };
		637E979615AAE31E00755FEC /* icedown1.mp3 in Resources */ = {isa = PBXBuildFile; fileRef = 637E979515AAE31E00755FEC /* icedown1.mp3 */; };
/* End PBXBuildFile section */

/* Begin PBXFileReference section */
		637E977015AADF9900755FEC /* Html5Audio.app */ = {isa = PBXFileReference; explicitFileType = wrapper.application; includeInIndex = 0; path = Html5Audio.app; sourceTree = BUILT_PRODUCTS_DIR; };
		637E977415AADF9900755FEC /* UIKit.framework */ = {isa = PBXFileReference; lastKnownFileType = wrapper.framework; name = UIKit.framework; path = System/Library/Frameworks/UIKit.framework; sourceTree = SDKROOT; };
		637E977615AADF9900755FEC /* Foundation.framework */ = {isa = PBXFileReference; lastKnownFileType = wrapper.framework; name = Foundation.framework; path = System/Library/Frameworks/Foundation.framework; sourceTree = SDKROOT; };
		637E977815AADF9900755FEC /* CoreGraphics.framework */ = {isa = PBXFileReference; lastKnownFileType = wrapper.framework; name = CoreGraphics.framework; path = System/Library/Frameworks/CoreGraphics.framework; sourceTree = SDKROOT; };
		637E977C15AADF9900755FEC /* Html5Audio-Info.plist */ = {isa = PBXFileReference; lastKnownFileType = text.plist.xml; path = "Html5Audio-Info.plist"; sourceTree = "<group>"; };
		637E977E15AADF9900755FEC /* en */ = {isa = PBXFileReference; lastKnownFileType = text.plist.strings; name = en; path = en.lproj/InfoPlist.strings; sourceTree = "<group>"; };
		637E978015AADF9900755FEC /* main.m */ = {isa = PBXFileReference; lastKnownFileType = sourcecode.c.objc; path = main.m; sourceTree = "<group>"; };
		637E978215AADF9900755FEC /* Html5Audio-Prefix.pch */ = {isa = PBXFileReference; lastKnownFileType = sourcecode.c.h; path = "Html5Audio-Prefix.pch"; sourceTree = "<group>"; };
		637E978315AADF9900755FEC /* AppDelegate.h */ = {isa = PBXFileReference; lastKnownFileType = sourcecode.c.h; path = AppDelegate.h; sourceTree = "<group>"; };
		637E978415AADF9900755FEC /* AppDelegate.m */ = {isa = PBXFileReference; lastKnownFileType = sourcecode.c.objc; path = AppDelegate.m; sourceTree = "<group>"; };
		637E978715AADF9900755FEC /* en */ = {isa = PBXFileReference; lastKnownFileType = file.storyboard; name = en; path = en.lproj/MainStoryboard.storyboard; sourceTree = "<group>"; };
		637E978915AADF9900755FEC /* ViewController.h */ = {isa = PBXFileReference; lastKnownFileType = sourcecode.c.h; path = ViewController.h; sourceTree = "<group>"; };
		637E978A15AADF9900755FEC /* ViewController.m */ = {isa = PBXFileReference; lastKnownFileType = sourcecode.c.objc; path = ViewController.m; sourceTree = "<group>"; };
		637E979215AAE0DE00755FEC /* test.html */ = {isa = PBXFileReference; fileEncoding = 4; lastKnownFileType = text.html; path = test.html; sourceTree = "<group>"; };
		637E979515AAE31E00755FEC /* icedown1.mp3 */ = {isa = PBXFileReference; lastKnownFileType = audio.mp3; path = icedown1.mp3; sourceTree = "<group>"; };
/* End PBXFileReference section */

/* Begin PBXFrameworksBuildPhase section */
		637E976D15AADF9900755FEC /* Frameworks */ = {
			isa = PBXFrameworksBuildPhase;
			buildActionMask = 2147483647;
			files = (
				637E977515AADF9900755FEC /* UIKit.framework in Frameworks */,
				637E977715AADF9900755FEC /* Foundation.framework in Frameworks */,
				637E977915AADF9900755FEC /* CoreGraphics.framework in Frameworks */,
			);
			runOnlyForDeploymentPostprocessing = 0;
		};
/* End PBXFrameworksBuildPhase section */

/* Begin PBXGroup section */
		637E976515AADF9900755FEC = {
			isa = PBXGroup;
			children = (
				637E977A15AADF9900755FEC /* Html5Audio */,
				637E977315AADF9900755FEC /* Frameworks */,
				637E977115AADF9900755FEC /* Products */,
			);
			sourceTree = "<group>";
		};
		637E977115AADF9900755FEC /* Products */ = {
			isa = PBXGroup;
			children = (
				637E977015AADF9900755FEC /* Html5Audio.app */,
			);
			name = Products;
			sourceTree = "<group>";
		};
		637E977315AADF9900755FEC /* Frameworks */ = {
			isa = PBXGroup;
			children = (
				637E977415AADF9900755FEC /* UIKit.framework */,
				637E977615AADF9900755FEC /* Foundation.framework */,
				637E977815AADF9900755FEC /* CoreGraphics.framework */,
			);
			name = Frameworks;
			sourceTree = "<group>";
		};
		637E977A15AADF9900755FEC /* Html5Audio */ = {
			isa = PBXGroup;
			children = (
				637E979515AAE31E00755FEC /* icedown1.mp3 */,
				637E979215AAE0DE00755FEC /* test.html */,
				637E978315AADF9900755FEC /* AppDelegate.h */,
				637E978415AADF9900755FEC /* AppDelegate.m */,
				637E978615AADF9900755FEC /* MainStoryboard.storyboard */,
				637E978915AADF9900755FEC /* ViewController.h */,
				637E978A15AADF9900755FEC /* ViewController.m */,
				637E977B15AADF9900755FEC /* Supporting Files */,
			);
			path = Html5Audio;
			sourceTree = "<group>";
		};
		637E977B15AADF9900755FEC /* Supporting Files */ = {
			isa = PBXGroup;
			children = (
				637E977C15AADF9900755FEC /* Html5Audio-Info.plist */,
				637E977D15AADF9900755FEC /* InfoPlist.strings */,
				637E978015AADF9900755FEC /* main.m */,
				637E978215AADF9900755FEC /* Html5Audio-Prefix.pch */,
			);
			name = "Supporting Files";
			sourceTree = "<group>";
		};
/* End PBXGroup section */

/* Begin PBXNativeTarget section */
		637E976F15AADF9900755FEC /* Html5Audio */ = {
			isa = PBXNativeTarget;
			buildConfigurationList = 637E978E15AADF9900755FEC /* Build configuration list for PBXNativeTarget "Html5Audio" */;
			buildPhases = (
				637E976C15AADF9900755FEC /* Sources */,
				637E976D15AADF9900755FEC /* Frameworks */,
				637E976E15AADF9900755FEC /* Resources */,
			);
			buildRules = (
			);
			dependencies = (
			);
			name = Html5Audio;
			productName = Html5Audio;
			productReference = 637E977015AADF9900755FEC /* Html5Audio.app */;
			productType = "com.apple.product-type.application";
		};
/* End PBXNativeTarget section */

/* Begin PBXProject section */
		637E976715AADF9900755FEC /* Project object */ = {
			isa = PBXProject;
			attributes = {
				LastUpgradeCheck = 0430;
				ORGANIZATIONNAME = "Tangit Corp.";
			};
			buildConfigurationList = 637E976A15AADF9900755FEC /* Build configuration list for PBXProject "Html5Audio" */;
			compatibilityVersion = "Xcode 3.2";
			developmentRegion = English;
			hasScannedForEncodings = 0;
			knownRegions = (
				en,
			);
			mainGroup = 637E976515AADF9900755FEC;
			productRefGroup = 637E977115AADF9900755FEC /* Products */;
			projectDirPath = "";
			projectRoot = "";
			targets = (
				637E976F15AADF9900755FEC /* Html5Audio */,
			);
		};
/* End PBXProject section */

/* Begin PBXResourcesBuildPhase section */
		637E976E15AADF9900755FEC /* Resources */ = {
			isa = PBXResourcesBuildPhase;
			buildActionMask = 2147483647;
			files = (
				637E977F15AADF9900755FEC /* InfoPlist.strings in Resources */,
				637E978815AADF9900755FEC /* MainStoryboard.storyboard in Resources */,
				637E979415AAE0DE00755FEC /* test.html in Resources */,
				637E979615AAE31E00755FEC /* icedown1.mp3 in Resources */,
			);
			runOnlyForDeploymentPostprocessing = 0;
		};
/* End PBXResourcesBuildPhase section */

/* Begin PBXSourcesBuildPhase section */
		637E976C15AADF9900755FEC /* Sources */ = {
			isa = PBXSourcesBuildPhase;
			buildActionMask = 2147483647;
			files = (
				637E978115AADF9900755FEC /* main.m in Sources */,
				637E978515AADF9900755FEC /* AppDelegate.m in Sources */,
				637E978B15AADF9900755FEC /* ViewController.m in Sources */,
			);
			runOnlyForDeploymentPostprocessing = 0;
		};
/* End PBXSourcesBuildPhase section */

/* Begin PBXVariantGroup section */
		637E977D15AADF9900755FEC /* InfoPlist.strings */ = {
			isa = PBXVariantGroup;
			children = (
				637E977E15AADF9900755FEC /* en */,
			);
			name = InfoPlist.strings;
			sourceTree = "<group>";
		};
		637E978615AADF9900755FEC /* MainStoryboard.storyboard */ = {
			isa = PBXVariantGroup;
			children = (
				637E978715AADF9900755FEC /* en */,
			);
			name = MainStoryboard.storyboard;
			sourceTree = "<group>";
		};
/* End PBXVariantGroup section */

/* Begin XCBuildConfiguration section */
		637E978C15AADF9900755FEC /* Debug */ = {
			isa = XCBuildConfiguration;
			buildSettings = {
				ALWAYS_SEARCH_USER_PATHS = NO;
				ARCHS = "$(ARCHS_STANDARD_32_BIT)";
				CLANG_ENABLE_OBJC_ARC = YES;
				"CODE_SIGN_IDENTITY[sdk=iphoneos*]" = "iPhone Developer";
				COPY_PHASE_STRIP = NO;
				GCC_C_LANGUAGE_STANDARD = gnu99;
				GCC_DYNAMIC_NO_PIC = NO;
				GCC_OPTIMIZATION_LEVEL = 0;
				GCC_PREPROCESSOR_DEFINITIONS = (
					"DEBUG=1",
					"$(inherited)",
				);
				GCC_SYMBOLS_PRIVATE_EXTERN = NO;
				GCC_VERSION = com.apple.compilers.llvm.clang.1_0;
				GCC_WARN_ABOUT_RETURN_TYPE = YES;
				GCC_WARN_UNINITIALIZED_AUTOS = YES;
				GCC_WARN_UNUSED_VARIABLE = YES;
				IPHONEOS_DEPLOYMENT_TARGET = 5.1;
				SDKROOT = iphoneos;
			};
			name = Debug;
		};
		637E978D15AADF9900755FEC /* Release */ = {
			isa = XCBuildConfiguration;
			buildSettings = {
				ALWAYS_SEARCH_USER_PATHS = NO;
				ARCHS = "$(ARCHS_STANDARD_32_BIT)";
				CLANG_ENABLE_OBJC_ARC = YES;
				"CODE_SIGN_IDENTITY[sdk=iphoneos*]" = "iPhone Developer";
				COPY_PHASE_STRIP = YES;
				GCC_C_LANGUAGE_STANDARD = gnu99;
				GCC_VERSION = com.apple.compilers.llvm.clang.1_0;
				GCC_WARN_ABOUT_RETURN_TYPE = YES;
				GCC_WARN_UNINITIALIZED_AUTOS = YES;
				GCC_WARN_UNUSED_VARIABLE = YES;
				IPHONEOS_DEPLOYMENT_TARGET = 5.1;
				OTHER_CFLAGS = "-DNS_BLOCK_ASSERTIONS=1";
				SDKROOT = iphoneos;
				VALIDATE_PRODUCT = YES;
			};
			name = Release;
		};
		637E978F15AADF9900755FEC /* Debug */ = {
			isa = XCBuildConfiguration;
			buildSettings = {
				GCC_PRECOMPILE_PREFIX_HEADER = YES;
				GCC_PREFIX_HEADER = "Html5Audio/Html5Audio-Prefix.pch";
				INFOPLIST_FILE = "Html5Audio/Html5Audio-Info.plist";
				PRODUCT_NAME = "$(TARGET_NAME)";
				WRAPPER_EXTENSION = app;
			};
			name = Debug;
		};
		637E979015AADF9900755FEC /* Release */ = {
			isa = XCBuildConfiguration;
			buildSettings = {
				GCC_PRECOMPILE_PREFIX_HEADER = YES;
				GCC_PREFIX_HEADER = "Html5Audio/Html5Audio-Prefix.pch";
				INFOPLIST_FILE = "Html5Audio/Html5Audio-Info.plist";
				PRODUCT_NAME = "$(TARGET_NAME)";
				WRAPPER_EXTENSION = app;
			};
			name = Release;
		};
/* End XCBuildConfiguration section */

/* Begin XCConfigurationList section */
		637E976A15AADF9900755FEC /* Build configuration list for PBXProject "Html5Audio" */ = {
			isa = XCConfigurationList;
			buildConfigurations = (
				637E978C15AADF9900755FEC /* Debug */,
				637E978D15AADF9900755FEC /* Release */,
			);
			defaultConfigurationIsVisible = 0;
			defaultConfigurationName = Release;
		};
		637E978E15AADF9900755FEC /* Build configuration list for PBXNativeTarget "Html5Audio" */ = {
			isa = XCConfigurationList;
			buildConfigurations = (
				637E978F15AADF9900755FEC /* Debug */,
				637E979015AADF9900755FEC /* Release */,
			);
			defaultConfigurationIsVisible = 0;
		};
/* End XCConfigurationList section */
	};
	rootObject = 637E976715AADF9900755FEC /* Project object */;
}
